
Microsoft Visual Studio Solution File, Format Version 12.00
# Visual Studio 14
VisualStudioVersion = 14.0.25420.1
MinimumVisualStudioVersion = 10.0.40219.1
Project("{FAE04EC0-301F-11D3-BF4B-00C04F79EFBC}") = "LinkShortener.Web", "LinkShortener.Web\LinkShortener.Web.csproj", "{EADE7498-E490-4F54-AA95-52B011BF4262}"
EndProject
Project("{FAE04EC0-301F-11D3-BF4B-00C04F79EFBC}") = "LinkShortener.Web.Tests", "LinkShortener.Web.Tests\LinkShortener.Web.Tests.csproj", "{41A1BD07-D40D-4F8C-AE4E-20C0FB76DC6E}"
EndProject
Project("{FAE04EC0-301F-11D3-BF4B-00C04F79EFBC}") = "LinkShortener.Data", "LinkShortener.Data\LinkShortener.Data.csproj", "{C3D813D8-8894-4478-ADB2-7ACD4B2E4B9F}"
EndProject
Project("{FAE04EC0-301F-11D3-BF4B-00C04F79EFBC}") = "LinkShortener.DAL", "LinkShortener.DAL\LinkShortener.DAL.csproj", "{50CA11F6-B7A3-48B7-B966-2F05D1F4D970}"
EndProject
Project("{FAE04EC0-301F-11D3-BF4B-00C04F79EFBC}") = "LinkShortener.BLL", "LinkShortener.BLL\LinkShortener.BLL.csproj", "{A1862F03-2801-4D39-AF9E-7B6E5FDA0630}"
EndProject
Global
	GlobalSection(SolutionConfigurationPlatforms) = preSolution
		Debug|Any CPU = Debug|Any CPU
		Release|Any CPU = Release|Any CPU
	EndGlobalSection
	GlobalSection(ProjectConfigurationPlatforms) = postSolution
		{EADE7498-E490-4F54-AA95-52B011BF4262}.Debug|Any CPU.ActiveCfg = Debug|Any CPU
		{EADE7498-E490-4F54-AA95-52B011BF4262}.Debug|Any CPU.Build.0 = Debug|Any CPU
		{EADE7498-E490-4F54-AA95-52B011BF4262}.Release|Any CPU.ActiveCfg = Release|Any CPU
		{EADE7498-E490-4F54-AA95-52B011BF4262}.Release|Any CPU.Build.0 = Release|Any CPU
		{41A1BD07-D40D-4F8C-AE4E-20C0FB76DC6E}.Debug|Any CPU.ActiveCfg = Debug|Any CPU
		{41A1BD07-D40D-4F8C-AE4E-20C0FB76DC6E}.Debug|Any CPU.Build.0 = Debug|Any CPU
		{41A1BD07-D40D-4F8C-AE4E-20C0FB76DC6E}.Release|Any CPU.ActiveCfg = Release|Any CPU
		{41A1BD07-D40D-4F8C-AE4E-20C0FB76DC6E}.Release|Any CPU.Build.0 = Release|Any CPU
		{C3D813D8-8894-4478-ADB2-7ACD4B2E4B9F}.Debug|Any CPU.ActiveCfg = Debug|Any CPU
		{C3D813D8-8894-4478-ADB2-7ACD4B2E4B9F}.Debug|Any CPU.Build.0 = Debug|Any CPU
		{C3D813D8-8894-4478-ADB2-7ACD4B2E4B9F}.Release|Any CPU.ActiveCfg = Release|Any CPU
		{C3D813D8-8894-4478-ADB2-7ACD4B2E4B9F}.Release|Any CPU.Build.0 = Release|Any CPU
		{50CA11F6-B7A3-48B7-B966-2F05D1F4D970}.Debug|Any CPU.ActiveCfg = Debug|Any CPU
		{50CA11F6-B7A3-48B7-B966-2F05D1F4D970}.Debug|Any CPU.Build.0 = Debug|Any CPU
		{50CA11F6-B7A3-48B7-B966-2F05D1F4D970}.Release|Any CPU.ActiveCfg = Release|Any CPU
		{50CA11F6-B7A3-48B7-B966-2F05D1F4D970}.Release|Any CPU.Build.0 = Release|Any CPU
		{A1862F03-2801-4D39-AF9E-7B6E5FDA0630}.Debug|Any CPU.ActiveCfg = Debug|Any CPU
		{A1862F03-2801-4D39-AF9E-7B6E5FDA0630}.Debug|Any CPU.Build.0 = Debug|Any CPU
		{A1862F03-2801-4D39-AF9E-7B6E5FDA0630}.Release|Any CPU.ActiveCfg = Release|Any CPU
		{A1862F03-2801-4D39-AF9E-7B6E5FDA0630}.Release|Any CPU.Build.0 = Release|Any CPU
	EndGlobalSection
	GlobalSection(SolutionProperties) = preSolution
		HideSolutionNode = FALSE
	EndGlobalSection
EndGlobal
